
Microsoft Visual Studio Solution File, Format Version 12.00
# Visual Studio Version 16
VisualStudioVersion = 16.0.30002.166
MinimumVisualStudioVersion = 10.0.40219.1
Project("{9A19103F-16F7-4668-BE54-9A1E7A4F7556}") = "DeepTargeting", "DeepTargeting\DeepTargeting.csproj", "{2F946CF3-D6D0-450B-B14B-CB496E349091}"
EndProject
Project("{9A19103F-16F7-4668-BE54-9A1E7A4F7556}") = "DeepTargeting.UnitTests", "DeepTargeting.UnitTests\DeepTargeting.UnitTests.csproj", "{ED048ECA-A097-4271-9616-37D60D7B0D6A}"
EndProject
Global
	GlobalSection(SolutionConfigurationPlatforms) = preSolution
		Debug|Any CPU = Debug|Any CPU
		Release|Any CPU = Release|Any CPU
	EndGlobalSection
	GlobalSection(ProjectConfigurationPlatforms) = postSolution
		{2F946CF3-D6D0-450B-B14B-CB496E349091}.Debug|Any CPU.ActiveCfg = Debug|Any CPU
		{2F946CF3-D6D0-450B-B14B-CB496E349091}.Debug|Any CPU.Build.0 = Debug|Any CPU
		{2F946CF3-D6D0-450B-B14B-CB496E349091}.Release|Any CPU.ActiveCfg = Release|Any CPU
		{2F946CF3-D6D0-450B-B14B-CB496E349091}.Release|Any CPU.Build.0 = Release|Any CPU
		{ED048ECA-A097-4271-9616-37D60D7B0D6A}.Debug|Any CPU.ActiveCfg = Debug|Any CPU
		{ED048ECA-A097-4271-9616-37D60D7B0D6A}.Debug|Any CPU.Build.0 = Debug|Any CPU
		{ED048ECA-A097-4271-9616-37D60D7B0D6A}.Release|Any CPU.ActiveCfg = Release|Any CPU
		{ED048ECA-A097-4271-9616-37D60D7B0D6A}.Release|Any CPU.Build.0 = Release|Any CPU
	EndGlobalSection
	GlobalSection(SolutionProperties) = preSolution
		HideSolutionNode = FALSE
	EndGlobalSection
	GlobalSection(ExtensibilityGlobals) = postSolution
		SolutionGuid = {46729179-87CA-4383-99B1-64181957D275}
	EndGlobalSection
EndGlobal
